
Microsoft Visual Studio Solution File, Format Version 12.00
# Visual Studio Version 16
VisualStudioVersion = 16.0.31205.134
MinimumVisualStudioVersion = 10.0.40219.1
Project("{9A19103F-16F7-4668-BE54-9A1E7A4F7556}") = "TestTask.WEB", "TestTaskFenichev.WEB\TestTask.WEB.csproj", "{E0916D92-6D19-47D6-8E8B-0A93ABBE43EE}"
EndProject
Project("{9A19103F-16F7-4668-BE54-9A1E7A4F7556}") = "TestTask.DAL", "TestTask.DAL\TestTask.DAL.csproj", "{C7C15909-66F4-4B7A-A8E6-A27589411B9B}"
EndProject
Project("{9A19103F-16F7-4668-BE54-9A1E7A4F7556}") = "TestTask.Tests", "TestTask.Tests\TestTask.Tests.csproj", "{CD030226-D98F-44C9-BFC8-A7B22FDB48EB}"
EndProject
Project("{9A19103F-16F7-4668-BE54-9A1E7A4F7556}") = "TestTask.BLL", "TestTask.BLL\TestTask.BLL.csproj", "{BC6CF8FF-17E9-4E1C-BF75-240D221A2FCE}"
EndProject
Project("{FAE04EC0-301F-11D3-BF4B-00C04F79EFBC}") = "TestTask.Common", "TestTask.Common\TestTask.Common.csproj", "{2AC6FDD1-CC3C-4CCF-A21D-D319225243A2}"
EndProject
Global
	GlobalSection(SolutionConfigurationPlatforms) = preSolution
		Debug|Any CPU = Debug|Any CPU
		Release|Any CPU = Release|Any CPU
	EndGlobalSection
	GlobalSection(ProjectConfigurationPlatforms) = postSolution
		{E0916D92-6D19-47D6-8E8B-0A93ABBE43EE}.Debug|Any CPU.ActiveCfg = Debug|Any CPU
		{E0916D92-6D19-47D6-8E8B-0A93ABBE43EE}.Debug|Any CPU.Build.0 = Debug|Any CPU
		{E0916D92-6D19-47D6-8E8B-0A93ABBE43EE}.Release|Any CPU.ActiveCfg = Release|Any CPU
		{E0916D92-6D19-47D6-8E8B-0A93ABBE43EE}.Release|Any CPU.Build.0 = Release|Any CPU
		{C7C15909-66F4-4B7A-A8E6-A27589411B9B}.Debug|Any CPU.ActiveCfg = Debug|Any CPU
		{C7C15909-66F4-4B7A-A8E6-A27589411B9B}.Debug|Any CPU.Build.0 = Debug|Any CPU
		{C7C15909-66F4-4B7A-A8E6-A27589411B9B}.Release|Any CPU.ActiveCfg = Release|Any CPU
		{C7C15909-66F4-4B7A-A8E6-A27589411B9B}.Release|Any CPU.Build.0 = Release|Any CPU
		{CD030226-D98F-44C9-BFC8-A7B22FDB48EB}.Debug|Any CPU.ActiveCfg = Debug|Any CPU
		{CD030226-D98F-44C9-BFC8-A7B22FDB48EB}.Debug|Any CPU.Build.0 = Debug|Any CPU
		{CD030226-D98F-44C9-BFC8-A7B22FDB48EB}.Release|Any CPU.ActiveCfg = Release|Any CPU
		{CD030226-D98F-44C9-BFC8-A7B22FDB48EB}.Release|Any CPU.Build.0 = Release|Any CPU
		{BC6CF8FF-17E9-4E1C-BF75-240D221A2FCE}.Debug|Any CPU.ActiveCfg = Debug|Any CPU
		{BC6CF8FF-17E9-4E1C-BF75-240D221A2FCE}.Debug|Any CPU.Build.0 = Debug|Any CPU
		{BC6CF8FF-17E9-4E1C-BF75-240D221A2FCE}.Release|Any CPU.ActiveCfg = Release|Any CPU
		{BC6CF8FF-17E9-4E1C-BF75-240D221A2FCE}.Release|Any CPU.Build.0 = Release|Any CPU
		{2AC6FDD1-CC3C-4CCF-A21D-D319225243A2}.Debug|Any CPU.ActiveCfg = Debug|Any CPU
		{2AC6FDD1-CC3C-4CCF-A21D-D319225243A2}.Debug|Any CPU.Build.0 = Debug|Any CPU
		{2AC6FDD1-CC3C-4CCF-A21D-D319225243A2}.Release|Any CPU.ActiveCfg = Release|Any CPU
		{2AC6FDD1-CC3C-4CCF-A21D-D319225243A2}.Release|Any CPU.Build.0 = Release|Any CPU
	EndGlobalSection
	GlobalSection(SolutionProperties) = preSolution
		HideSolutionNode = FALSE
	EndGlobalSection
	GlobalSection(ExtensibilityGlobals) = postSolution
		SolutionGuid = {A88AFE19-4A2C-4419-A52D-BA4D76581FFC}
	EndGlobalSection
EndGlobal
